
Microsoft Visual Studio Solution File, Format Version 12.00
# Visual Studio Version 16
VisualStudioVersion = 16.0.29728.190
MinimumVisualStudioVersion = 15.0.26124.0
Project("{9A19103F-16F7-4668-BE54-9A1E7A4F7556}") = "IdentityServer", "IdentityServer\IdentityServer.csproj", "{23336AF5-FB06-45AC-ACFD-F52844A6C8F5}"
EndProject
Project("{9A19103F-16F7-4668-BE54-9A1E7A4F7556}") = "SessionApi", "SessionApi\SessionApi.csproj", "{143DAF0E-078A-43FC-BE5D-5831CF947FD7}"
EndProject
Project("{9A19103F-16F7-4668-BE54-9A1E7A4F7556}") = "_MockClient", "MockClient\_MockClient.csproj", "{FD6ECDEC-C997-4036-9895-8BE3F42140C6}"
EndProject
Project("{9A19103F-16F7-4668-BE54-9A1E7A4F7556}") = "_SessionApiXUnitTestProject", "SessionApiXUnitTestProject\_SessionApiXUnitTestProject.csproj", "{257FA193-F98F-49A7-907C-98D5502FFC60}"
EndProject
Project("{9A19103F-16F7-4668-BE54-9A1E7A4F7556}") = "_SessionApiXIntegrationTestProject", "SessionApiXIntegrationTestProject\_SessionApiXIntegrationTestProject.csproj", "{90F987F2-5079-48BD-97A5-4D90ADF8C95A}"
EndProject
Project("{FAE04EC0-301F-11D3-BF4B-00C04F79EFBC}") = "SessionService", "SessionService\SessionService.csproj", "{E44EB721-DA2C-4954-A913-128B819FCCDD}"
EndProject
Project("{FAE04EC0-301F-11D3-BF4B-00C04F79EFBC}") = "DataServices", "DataServices\DataServices.csproj", "{5A85075D-6264-49C3-8612-27E37D60CCF9}"
EndProject
Global
	GlobalSection(SolutionConfigurationPlatforms) = preSolution
		Debug|Any CPU = Debug|Any CPU
		Debug|x64 = Debug|x64
		Debug|x86 = Debug|x86
		Release|Any CPU = Release|Any CPU
		Release|x64 = Release|x64
		Release|x86 = Release|x86
	EndGlobalSection
	GlobalSection(ProjectConfigurationPlatforms) = postSolution
		{23336AF5-FB06-45AC-ACFD-F52844A6C8F5}.Debug|Any CPU.ActiveCfg = Debug|Any CPU
		{23336AF5-FB06-45AC-ACFD-F52844A6C8F5}.Debug|Any CPU.Build.0 = Debug|Any CPU
		{23336AF5-FB06-45AC-ACFD-F52844A6C8F5}.Debug|x64.ActiveCfg = Debug|Any CPU
		{23336AF5-FB06-45AC-ACFD-F52844A6C8F5}.Debug|x64.Build.0 = Debug|Any CPU
		{23336AF5-FB06-45AC-ACFD-F52844A6C8F5}.Debug|x86.ActiveCfg = Debug|Any CPU
		{23336AF5-FB06-45AC-ACFD-F52844A6C8F5}.Debug|x86.Build.0 = Debug|Any CPU
		{23336AF5-FB06-45AC-ACFD-F52844A6C8F5}.Release|Any CPU.ActiveCfg = Release|Any CPU
		{23336AF5-FB06-45AC-ACFD-F52844A6C8F5}.Release|Any CPU.Build.0 = Release|Any CPU
		{23336AF5-FB06-45AC-ACFD-F52844A6C8F5}.Release|x64.ActiveCfg = Release|Any CPU
		{23336AF5-FB06-45AC-ACFD-F52844A6C8F5}.Release|x64.Build.0 = Release|Any CPU
		{23336AF5-FB06-45AC-ACFD-F52844A6C8F5}.Release|x86.ActiveCfg = Release|Any CPU
		{23336AF5-FB06-45AC-ACFD-F52844A6C8F5}.Release|x86.Build.0 = Release|Any CPU
		{143DAF0E-078A-43FC-BE5D-5831CF947FD7}.Debug|Any CPU.ActiveCfg = Debug|Any CPU
		{143DAF0E-078A-43FC-BE5D-5831CF947FD7}.Debug|Any CPU.Build.0 = Debug|Any CPU
		{143DAF0E-078A-43FC-BE5D-5831CF947FD7}.Debug|x64.ActiveCfg = Debug|Any CPU
		{143DAF0E-078A-43FC-BE5D-5831CF947FD7}.Debug|x64.Build.0 = Debug|Any CPU
		{143DAF0E-078A-43FC-BE5D-5831CF947FD7}.Debug|x86.ActiveCfg = Debug|Any CPU
		{143DAF0E-078A-43FC-BE5D-5831CF947FD7}.Debug|x86.Build.0 = Debug|Any CPU
		{143DAF0E-078A-43FC-BE5D-5831CF947FD7}.Release|Any CPU.ActiveCfg = Release|Any CPU
		{143DAF0E-078A-43FC-BE5D-5831CF947FD7}.Release|Any CPU.Build.0 = Release|Any CPU
		{143DAF0E-078A-43FC-BE5D-5831CF947FD7}.Release|x64.ActiveCfg = Release|Any CPU
		{143DAF0E-078A-43FC-BE5D-5831CF947FD7}.Release|x64.Build.0 = Release|Any CPU
		{143DAF0E-078A-43FC-BE5D-5831CF947FD7}.Release|x86.ActiveCfg = Release|Any CPU
		{143DAF0E-078A-43FC-BE5D-5831CF947FD7}.Release|x86.Build.0 = Release|Any CPU
		{FD6ECDEC-C997-4036-9895-8BE3F42140C6}.Debug|Any CPU.ActiveCfg = Debug|Any CPU
		{FD6ECDEC-C997-4036-9895-8BE3F42140C6}.Debug|Any CPU.Build.0 = Debug|Any CPU
		{FD6ECDEC-C997-4036-9895-8BE3F42140C6}.Debug|x64.ActiveCfg = Debug|Any CPU
		{FD6ECDEC-C997-4036-9895-8BE3F42140C6}.Debug|x64.Build.0 = Debug|Any CPU
		{FD6ECDEC-C997-4036-9895-8BE3F42140C6}.Debug|x86.ActiveCfg = Debug|Any CPU
		{FD6ECDEC-C997-4036-9895-8BE3F42140C6}.Debug|x86.Build.0 = Debug|Any CPU
		{FD6ECDEC-C997-4036-9895-8BE3F42140C6}.Release|Any CPU.ActiveCfg = Release|Any CPU
		{FD6ECDEC-C997-4036-9895-8BE3F42140C6}.Release|Any CPU.Build.0 = Release|Any CPU
		{FD6ECDEC-C997-4036-9895-8BE3F42140C6}.Release|x64.ActiveCfg = Release|Any CPU
		{FD6ECDEC-C997-4036-9895-8BE3F42140C6}.Release|x64.Build.0 = Release|Any CPU
		{FD6ECDEC-C997-4036-9895-8BE3F42140C6}.Release|x86.ActiveCfg = Release|Any CPU
		{FD6ECDEC-C997-4036-9895-8BE3F42140C6}.Release|x86.Build.0 = Release|Any CPU
		{257FA193-F98F-49A7-907C-98D5502FFC60}.Debug|Any CPU.ActiveCfg = Debug|Any CPU
		{257FA193-F98F-49A7-907C-98D5502FFC60}.Debug|Any CPU.Build.0 = Debug|Any CPU
		{257FA193-F98F-49A7-907C-98D5502FFC60}.Debug|x64.ActiveCfg = Debug|Any CPU
		{257FA193-F98F-49A7-907C-98D5502FFC60}.Debug|x64.Build.0 = Debug|Any CPU
		{257FA193-F98F-49A7-907C-98D5502FFC60}.Debug|x86.ActiveCfg = Debug|Any CPU
		{257FA193-F98F-49A7-907C-98D5502FFC60}.Debug|x86.Build.0 = Debug|Any CPU
		{257FA193-F98F-49A7-907C-98D5502FFC60}.Release|Any CPU.ActiveCfg = Release|Any CPU
		{257FA193-F98F-49A7-907C-98D5502FFC60}.Release|Any CPU.Build.0 = Release|Any CPU
		{257FA193-F98F-49A7-907C-98D5502FFC60}.Release|x64.ActiveCfg = Release|Any CPU
		{257FA193-F98F-49A7-907C-98D5502FFC60}.Release|x64.Build.0 = Release|Any CPU
		{257FA193-F98F-49A7-907C-98D5502FFC60}.Release|x86.ActiveCfg = Release|Any CPU
		{257FA193-F98F-49A7-907C-98D5502FFC60}.Release|x86.Build.0 = Release|Any CPU
		{90F987F2-5079-48BD-97A5-4D90ADF8C95A}.Debug|Any CPU.ActiveCfg = Debug|Any CPU
		{90F987F2-5079-48BD-97A5-4D90ADF8C95A}.Debug|Any CPU.Build.0 = Debug|Any CPU
		{90F987F2-5079-48BD-97A5-4D90ADF8C95A}.Debug|x64.ActiveCfg = Debug|Any CPU
		{90F987F2-5079-48BD-97A5-4D90ADF8C95A}.Debug|x64.Build.0 = Debug|Any CPU
		{90F987F2-5079-48BD-97A5-4D90ADF8C95A}.Debug|x86.ActiveCfg = Debug|Any CPU
		{90F987F2-5079-48BD-97A5-4D90ADF8C95A}.Debug|x86.Build.0 = Debug|Any CPU
		{90F987F2-5079-48BD-97A5-4D90ADF8C95A}.Release|Any CPU.ActiveCfg = Release|Any CPU
		{90F987F2-5079-48BD-97A5-4D90ADF8C95A}.Release|Any CPU.Build.0 = Release|Any CPU
		{90F987F2-5079-48BD-97A5-4D90ADF8C95A}.Release|x64.ActiveCfg = Release|Any CPU
		{90F987F2-5079-48BD-97A5-4D90ADF8C95A}.Release|x64.Build.0 = Release|Any CPU
		{90F987F2-5079-48BD-97A5-4D90ADF8C95A}.Release|x86.ActiveCfg = Release|Any CPU
		{90F987F2-5079-48BD-97A5-4D90ADF8C95A}.Release|x86.Build.0 = Release|Any CPU
		{E44EB721-DA2C-4954-A913-128B819FCCDD}.Debug|Any CPU.ActiveCfg = Debug|Any CPU
		{E44EB721-DA2C-4954-A913-128B819FCCDD}.Debug|Any CPU.Build.0 = Debug|Any CPU
		{E44EB721-DA2C-4954-A913-128B819FCCDD}.Debug|x64.ActiveCfg = Debug|Any CPU
		{E44EB721-DA2C-4954-A913-128B819FCCDD}.Debug|x64.Build.0 = Debug|Any CPU
		{E44EB721-DA2C-4954-A913-128B819FCCDD}.Debug|x86.ActiveCfg = Debug|Any CPU
		{E44EB721-DA2C-4954-A913-128B819FCCDD}.Debug|x86.Build.0 = Debug|Any CPU
		{E44EB721-DA2C-4954-A913-128B819FCCDD}.Release|Any CPU.ActiveCfg = Release|Any CPU
		{E44EB721-DA2C-4954-A913-128B819FCCDD}.Release|Any CPU.Build.0 = Release|Any CPU
		{E44EB721-DA2C-4954-A913-128B819FCCDD}.Release|x64.ActiveCfg = Release|Any CPU
		{E44EB721-DA2C-4954-A913-128B819FCCDD}.Release|x64.Build.0 = Release|Any CPU
		{E44EB721-DA2C-4954-A913-128B819FCCDD}.Release|x86.ActiveCfg = Release|Any CPU
		{E44EB721-DA2C-4954-A913-128B819FCCDD}.Release|x86.Build.0 = Release|Any CPU
		{5A85075D-6264-49C3-8612-27E37D60CCF9}.Debug|Any CPU.ActiveCfg = Debug|Any CPU
		{5A85075D-6264-49C3-8612-27E37D60CCF9}.Debug|Any CPU.Build.0 = Debug|Any CPU
		{5A85075D-6264-49C3-8612-27E37D60CCF9}.Debug|x64.ActiveCfg = Debug|Any CPU
		{5A85075D-6264-49C3-8612-27E37D60CCF9}.Debug|x64.Build.0 = Debug|Any CPU
		{5A85075D-6264-49C3-8612-27E37D60CCF9}.Debug|x86.ActiveCfg = Debug|Any CPU
		{5A85075D-6264-49C3-8612-27E37D60CCF9}.Debug|x86.Build.0 = Debug|Any CPU
		{5A85075D-6264-49C3-8612-27E37D60CCF9}.Release|Any CPU.ActiveCfg = Release|Any CPU
		{5A85075D-6264-49C3-8612-27E37D60CCF9}.Release|Any CPU.Build.0 = Release|Any CPU
		{5A85075D-6264-49C3-8612-27E37D60CCF9}.Release|x64.ActiveCfg = Release|Any CPU
		{5A85075D-6264-49C3-8612-27E37D60CCF9}.Release|x64.Build.0 = Release|Any CPU
		{5A85075D-6264-49C3-8612-27E37D60CCF9}.Release|x86.ActiveCfg = Release|Any CPU
		{5A85075D-6264-49C3-8612-27E37D60CCF9}.Release|x86.Build.0 = Release|Any CPU
	EndGlobalSection
	GlobalSection(SolutionProperties) = preSolution
		HideSolutionNode = FALSE
	EndGlobalSection
	GlobalSection(ExtensibilityGlobals) = postSolution
		SolutionGuid = {84EA47BE-371C-4D36-A64D-5F79410C14F0}
	EndGlobalSection
EndGlobal
